{
  "version": "3",
  "packages": {
    "specifiers": {
      "jsr:@core/match@^0.3.0": "jsr:@core/match@0.3.0",
      "jsr:@std/assert@^0.219.1": "jsr:@std/assert@0.219.1",
      "jsr:@std/assert@^0.221.0": "jsr:@std/assert@0.221.0",
      "jsr:@std/bytes@^0.219.1": "jsr:@std/bytes@0.219.1",
      "jsr:@std/bytes@^0.221.0": "jsr:@std/bytes@0.221.0",
      "jsr:@std/collections@^0.221.0": "jsr:@std/collections@0.221.0",
      "jsr:@std/fmt@^0.219.1": "jsr:@std/fmt@0.219.1",
      "jsr:@std/fmt@^0.221.0": "jsr:@std/fmt@0.221.0",
      "jsr:@std/io@^0.219.1": "jsr:@std/io@0.219.1",
      "jsr:@std/io@^0.221.0": "jsr:@std/io@0.221.0",
      "jsr:@std/streams@^0.219.1": "jsr:@std/streams@0.219.1",
      "jsr:@std/streams@^0.221.0": "jsr:@std/streams@0.221.0",
      "jsr:@std/testing@^0.221.0": "jsr:@std/testing@0.221.0",
      "npm:@noble/curves@^1.3.0": "npm:@noble/curves@1.4.0",
      "npm:@noble/hashes@^1.3.3": "npm:@noble/hashes@1.4.0",
      "npm:esbuild@^0.20.2": "npm:esbuild@0.20.2",
      "npm:mini-van-plate@^0.5.6": "npm:mini-van-plate@0.5.6",
      "npm:nostr-tools@^2.3.2": "npm:nostr-tools@2.3.2",
      "npm:sharp@^0.33.3": "npm:sharp@0.33.3",
      "npm:ts-toolbelt@9.6.0": "npm:ts-toolbelt@9.6.0"
    },
    "jsr": {
      "@core/match@0.3.0": {
        "integrity": "d19339f2bff740f1f3d00fb7a0dc4c43f5e8a116bed940908c6553ff79efb168",
        "dependencies": [
          "npm:ts-toolbelt@9.6.0"
        ]
      },
      "@std/assert@0.219.1": {
        "integrity": "e76c2a1799a78f0f4db7de04bdc9b908a7a4b821bb65eda0285885297d4fb8af",
        "dependencies": [
          "jsr:@std/fmt@^0.219.1"
        ]
      },
      "@std/assert@0.221.0": {
        "integrity": "a5f1aa6e7909dbea271754fd4ab3f4e687aeff4873b4cef9a320af813adb489a",
        "dependencies": [
          "jsr:@std/fmt@^0.221.0"
        ]
      },
      "@std/bytes@0.219.1": {
        "integrity": "693e5f3f7796b33a448fb16c448b75d7d6e62914b55e2f1f715f9a04f77853b4"
      },
      "@std/bytes@0.221.0": {
        "integrity": "64a047011cf833890a4a2ab7293ac55a1b4f5a050624ebc6a0159c357de91966"
      },
      "@std/collections@0.221.0": {
        "integrity": "789a365bb79b06c4da79d2b93fe32ddfe03b93ab083e72c1de96303d12f84be5"
      },
      "@std/fmt@0.219.1": {
        "integrity": "2432152e927df249a207177aa048a6d9465956ea0047653ee6abd4f514db504f"
      },
      "@std/fmt@0.221.0": {
        "integrity": "379fed69bdd9731110f26b9085aeb740606b20428ce6af31ef6bd45ef8efa62a"
      },
      "@std/io@0.219.1": {
        "integrity": "4f5073dd150fb7deff5c57449f4304edaf89a1137e0003602a22c133eb7cf93a"
      },
      "@std/io@0.221.0": {
        "integrity": "faf7f8700d46ab527fa05cc6167f4b97701a06c413024431c6b4d207caa010da"
      },
      "@std/streams@0.219.1": {
        "integrity": "6f5dac5773a4fafdbe7ee612d0a0d5a2cbe465b9c9e2c85d371877dc8a52d1d3",
        "dependencies": [
          "jsr:@std/assert@^0.219.1",
          "jsr:@std/bytes@^0.219.1",
          "jsr:@std/io@^0.219.1"
        ]
      },
      "@std/streams@0.221.0": {
        "integrity": "47f2f74634b47449277c0ee79fe878da4424b66bd8975c032e3afdca88986e61",
        "dependencies": [
          "jsr:@std/assert@^0.221.0",
          "jsr:@std/bytes@^0.221.0",
          "jsr:@std/io@^0.221.0"
        ]
      },
      "@std/testing@0.221.0": {
        "integrity": "d9b5ed7d5dc4e8d193734a594e7f80c04a5a6f34c2493e69c6713ae7fe6f880e"
      }
    },
    "npm": {
      "@emnapi/runtime@1.1.1": {
        "integrity": "sha512-3bfqkzuR1KLx57nZfjr2NLnFOobvyS0aTszaEGCGqmYMVDRaGvgIZbjGSV/MHSSmLgQ/b9JFHQ5xm5WRZYd+XQ==",
        "dependencies": {
          "tslib": "tslib@2.6.2"
        }
      },
      "@esbuild/aix-ppc64@0.20.2": {
        "integrity": "sha512-D+EBOJHXdNZcLJRBkhENNG8Wji2kgc9AZ9KiPr1JuZjsNtyHzrsfLRrY0tk2H2aoFu6RANO1y1iPPUCDYWkb5g==",
        "dependencies": {}
      },
      "@esbuild/android-arm64@0.20.2": {
        "integrity": "sha512-mRzjLacRtl/tWU0SvD8lUEwb61yP9cqQo6noDZP/O8VkwafSYwZ4yWy24kan8jE/IMERpYncRt2dw438LP3Xmg==",
        "dependencies": {}
      },
      "@esbuild/android-arm@0.20.2": {
        "integrity": "sha512-t98Ra6pw2VaDhqNWO2Oph2LXbz/EJcnLmKLGBJwEwXX/JAN83Fym1rU8l0JUWK6HkIbWONCSSatf4sf2NBRx/w==",
        "dependencies": {}
      },
      "@esbuild/android-x64@0.20.2": {
        "integrity": "sha512-btzExgV+/lMGDDa194CcUQm53ncxzeBrWJcncOBxuC6ndBkKxnHdFJn86mCIgTELsooUmwUm9FkhSp5HYu00Rg==",
        "dependencies": {}
      },
      "@esbuild/darwin-arm64@0.20.2": {
        "integrity": "sha512-4J6IRT+10J3aJH3l1yzEg9y3wkTDgDk7TSDFX+wKFiWjqWp/iCfLIYzGyasx9l0SAFPT1HwSCR+0w/h1ES/MjA==",
        "dependencies": {}
      },
      "@esbuild/darwin-x64@0.20.2": {
        "integrity": "sha512-tBcXp9KNphnNH0dfhv8KYkZhjc+H3XBkF5DKtswJblV7KlT9EI2+jeA8DgBjp908WEuYll6pF+UStUCfEpdysA==",
        "dependencies": {}
      },
      "@esbuild/freebsd-arm64@0.20.2": {
        "integrity": "sha512-d3qI41G4SuLiCGCFGUrKsSeTXyWG6yem1KcGZVS+3FYlYhtNoNgYrWcvkOoaqMhwXSMrZRl69ArHsGJ9mYdbbw==",
        "dependencies": {}
      },
      "@esbuild/freebsd-x64@0.20.2": {
        "integrity": "sha512-d+DipyvHRuqEeM5zDivKV1KuXn9WeRX6vqSqIDgwIfPQtwMP4jaDsQsDncjTDDsExT4lR/91OLjRo8bmC1e+Cw==",
        "dependencies": {}
      },
      "@esbuild/linux-arm64@0.20.2": {
        "integrity": "sha512-9pb6rBjGvTFNira2FLIWqDk/uaf42sSyLE8j1rnUpuzsODBq7FvpwHYZxQ/It/8b+QOS1RYfqgGFNLRI+qlq2A==",
        "dependencies": {}
      },
      "@esbuild/linux-arm@0.20.2": {
        "integrity": "sha512-VhLPeR8HTMPccbuWWcEUD1Az68TqaTYyj6nfE4QByZIQEQVWBB8vup8PpR7y1QHL3CpcF6xd5WVBU/+SBEvGTg==",
        "dependencies": {}
      },
      "@esbuild/linux-ia32@0.20.2": {
        "integrity": "sha512-o10utieEkNPFDZFQm9CoP7Tvb33UutoJqg3qKf1PWVeeJhJw0Q347PxMvBgVVFgouYLGIhFYG0UGdBumROyiig==",
        "dependencies": {}
      },
      "@esbuild/linux-loong64@0.20.2": {
        "integrity": "sha512-PR7sp6R/UC4CFVomVINKJ80pMFlfDfMQMYynX7t1tNTeivQ6XdX5r2XovMmha/VjR1YN/HgHWsVcTRIMkymrgQ==",
        "dependencies": {}
      },
      "@esbuild/linux-mips64el@0.20.2": {
        "integrity": "sha512-4BlTqeutE/KnOiTG5Y6Sb/Hw6hsBOZapOVF6njAESHInhlQAghVVZL1ZpIctBOoTFbQyGW+LsVYZ8lSSB3wkjA==",
        "dependencies": {}
      },
      "@esbuild/linux-ppc64@0.20.2": {
        "integrity": "sha512-rD3KsaDprDcfajSKdn25ooz5J5/fWBylaaXkuotBDGnMnDP1Uv5DLAN/45qfnf3JDYyJv/ytGHQaziHUdyzaAg==",
        "dependencies": {}
      },
      "@esbuild/linux-riscv64@0.20.2": {
        "integrity": "sha512-snwmBKacKmwTMmhLlz/3aH1Q9T8v45bKYGE3j26TsaOVtjIag4wLfWSiZykXzXuE1kbCE+zJRmwp+ZbIHinnVg==",
        "dependencies": {}
      },
      "@esbuild/linux-s390x@0.20.2": {
        "integrity": "sha512-wcWISOobRWNm3cezm5HOZcYz1sKoHLd8VL1dl309DiixxVFoFe/o8HnwuIwn6sXre88Nwj+VwZUvJf4AFxkyrQ==",
        "dependencies": {}
      },
      "@esbuild/linux-x64@0.20.2": {
        "integrity": "sha512-1MdwI6OOTsfQfek8sLwgyjOXAu+wKhLEoaOLTjbijk6E2WONYpH9ZU2mNtR+lZ2B4uwr+usqGuVfFT9tMtGvGw==",
        "dependencies": {}
      },
      "@esbuild/netbsd-x64@0.20.2": {
        "integrity": "sha512-K8/DhBxcVQkzYc43yJXDSyjlFeHQJBiowJ0uVL6Tor3jGQfSGHNNJcWxNbOI8v5k82prYqzPuwkzHt3J1T1iZQ==",
        "dependencies": {}
      },
      "@esbuild/openbsd-x64@0.20.2": {
        "integrity": "sha512-eMpKlV0SThJmmJgiVyN9jTPJ2VBPquf6Kt/nAoo6DgHAoN57K15ZghiHaMvqjCye/uU4X5u3YSMgVBI1h3vKrQ==",
        "dependencies": {}
      },
      "@esbuild/sunos-x64@0.20.2": {
        "integrity": "sha512-2UyFtRC6cXLyejf/YEld4Hajo7UHILetzE1vsRcGL3earZEW77JxrFjH4Ez2qaTiEfMgAXxfAZCm1fvM/G/o8w==",
        "dependencies": {}
      },
      "@esbuild/win32-arm64@0.20.2": {
        "integrity": "sha512-GRibxoawM9ZCnDxnP3usoUDO9vUkpAxIIZ6GQI+IlVmr5kP3zUq+l17xELTHMWTWzjxa2guPNyrpq1GWmPvcGQ==",
        "dependencies": {}
      },
      "@esbuild/win32-ia32@0.20.2": {
        "integrity": "sha512-HfLOfn9YWmkSKRQqovpnITazdtquEW8/SoHW7pWpuEeguaZI4QnCRW6b+oZTztdBnZOS2hqJ6im/D5cPzBTTlQ==",
        "dependencies": {}
      },
      "@esbuild/win32-x64@0.20.2": {
        "integrity": "sha512-N49X4lJX27+l9jbLKSqZ6bKNjzQvHaT8IIFUy+YIqmXQdjYCToGWwOItDrfby14c78aDd5NHQl29xingXfCdLQ==",
        "dependencies": {}
      },
      "@img/sharp-darwin-arm64@0.33.3": {
        "integrity": "sha512-FaNiGX1MrOuJ3hxuNzWgsT/mg5OHG/Izh59WW2mk1UwYHUwtfbhk5QNKYZgxf0pLOhx9ctGiGa2OykD71vOnSw==",
        "dependencies": {
          "@img/sharp-libvips-darwin-arm64": "@img/sharp-libvips-darwin-arm64@1.0.2"
        }
      },
      "@img/sharp-darwin-x64@0.33.3": {
        "integrity": "sha512-2QeSl7QDK9ru//YBT4sQkoq7L0EAJZA3rtV+v9p8xTKl4U1bUqTIaCnoC7Ctx2kCjQgwFXDasOtPTCT8eCTXvw==",
        "dependencies": {
          "@img/sharp-libvips-darwin-x64": "@img/sharp-libvips-darwin-x64@1.0.2"
        }
      },
      "@img/sharp-libvips-darwin-arm64@1.0.2": {
        "integrity": "sha512-tcK/41Rq8IKlSaKRCCAuuY3lDJjQnYIW1UXU1kxcEKrfL8WR7N6+rzNoOxoQRJWTAECuKwgAHnPvqXGN8XfkHA==",
        "dependencies": {}
      },
      "@img/sharp-libvips-darwin-x64@1.0.2": {
        "integrity": "sha512-Ofw+7oaWa0HiiMiKWqqaZbaYV3/UGL2wAPeLuJTx+9cXpCRdvQhCLG0IH8YGwM0yGWGLpsF4Su9vM1o6aer+Fw==",
        "dependencies": {}
      },
      "@img/sharp-libvips-linux-arm64@1.0.2": {
        "integrity": "sha512-x7kCt3N00ofFmmkkdshwj3vGPCnmiDh7Gwnd4nUwZln2YjqPxV1NlTyZOvoDWdKQVDL911487HOueBvrpflagw==",
        "dependencies": {}
      },
      "@img/sharp-libvips-linux-arm@1.0.2": {
        "integrity": "sha512-iLWCvrKgeFoglQxdEwzu1eQV04o8YeYGFXtfWU26Zr2wWT3q3MTzC+QTCO3ZQfWd3doKHT4Pm2kRmLbupT+sZw==",
        "dependencies": {}
      },
      "@img/sharp-libvips-linux-s390x@1.0.2": {
        "integrity": "sha512-cmhQ1J4qVhfmS6szYW7RT+gLJq9dH2i4maq+qyXayUSn9/3iY2ZeWpbAgSpSVbV2E1JUL2Gg7pwnYQ1h8rQIog==",
        "dependencies": {}
      },
      "@img/sharp-libvips-linux-x64@1.0.2": {
        "integrity": "sha512-E441q4Qdb+7yuyiADVi5J+44x8ctlrqn8XgkDTwr4qPJzWkaHwD489iZ4nGDgcuya4iMN3ULV6NwbhRZJ9Z7SQ==",
        "dependencies": {}
      },
      "@img/sharp-libvips-linuxmusl-arm64@1.0.2": {
        "integrity": "sha512-3CAkndNpYUrlDqkCM5qhksfE+qSIREVpyoeHIU6jd48SJZViAmznoQQLAv4hVXF7xyUB9zf+G++e2v1ABjCbEQ==",
        "dependencies": {}
      },
      "@img/sharp-libvips-linuxmusl-x64@1.0.2": {
        "integrity": "sha512-VI94Q6khIHqHWNOh6LLdm9s2Ry4zdjWJwH56WoiJU7NTeDwyApdZZ8c+SADC8OH98KWNQXnE01UdJ9CSfZvwZw==",
        "dependencies": {}
      },
      "@img/sharp-linux-arm64@0.33.3": {
        "integrity": "sha512-Zf+sF1jHZJKA6Gor9hoYG2ljr4wo9cY4twaxgFDvlG0Xz9V7sinsPp8pFd1XtlhTzYo0IhDbl3rK7P6MzHpnYA==",
        "dependencies": {
          "@img/sharp-libvips-linux-arm64": "@img/sharp-libvips-linux-arm64@1.0.2"
        }
      },
      "@img/sharp-linux-arm@0.33.3": {
        "integrity": "sha512-Q7Ee3fFSC9P7vUSqVEF0zccJsZ8GiiCJYGWDdhEjdlOeS9/jdkyJ6sUSPj+bL8VuOYFSbofrW0t/86ceVhx32w==",
        "dependencies": {
          "@img/sharp-libvips-linux-arm": "@img/sharp-libvips-linux-arm@1.0.2"
        }
      },
      "@img/sharp-linux-s390x@0.33.3": {
        "integrity": "sha512-vFk441DKRFepjhTEH20oBlFrHcLjPfI8B0pMIxGm3+yilKyYeHEVvrZhYFdqIseSclIqbQ3SnZMwEMWonY5XFA==",
        "dependencies": {
          "@img/sharp-libvips-linux-s390x": "@img/sharp-libvips-linux-s390x@1.0.2"
        }
      },
      "@img/sharp-linux-x64@0.33.3": {
        "integrity": "sha512-Q4I++herIJxJi+qmbySd072oDPRkCg/SClLEIDh5IL9h1zjhqjv82H0Seupd+q2m0yOfD+/fJnjSoDFtKiHu2g==",
        "dependencies": {
          "@img/sharp-libvips-linux-x64": "@img/sharp-libvips-linux-x64@1.0.2"
        }
      },
      "@img/sharp-linuxmusl-arm64@0.33.3": {
        "integrity": "sha512-qnDccehRDXadhM9PM5hLvcPRYqyFCBN31kq+ErBSZtZlsAc1U4Z85xf/RXv1qolkdu+ibw64fUDaRdktxTNP9A==",
        "dependencies": {
          "@img/sharp-libvips-linuxmusl-arm64": "@img/sharp-libvips-linuxmusl-arm64@1.0.2"
        }
      },
      "@img/sharp-linuxmusl-x64@0.33.3": {
        "integrity": "sha512-Jhchim8kHWIU/GZ+9poHMWRcefeaxFIs9EBqf9KtcC14Ojk6qua7ghKiPs0sbeLbLj/2IGBtDcxHyjCdYWkk2w==",
        "dependencies": {
          "@img/sharp-libvips-linuxmusl-x64": "@img/sharp-libvips-linuxmusl-x64@1.0.2"
        }
      },
      "@img/sharp-wasm32@0.33.3": {
        "integrity": "sha512-68zivsdJ0koE96stdUfM+gmyaK/NcoSZK5dV5CAjES0FUXS9lchYt8LAB5rTbM7nlWtxaU/2GON0HVN6/ZYJAQ==",
        "dependencies": {
          "@emnapi/runtime": "@emnapi/runtime@1.1.1"
        }
      },
      "@img/sharp-win32-ia32@0.33.3": {
        "integrity": "sha512-CyimAduT2whQD8ER4Ux7exKrtfoaUiVr7HG0zZvO0XTFn2idUWljjxv58GxNTkFb8/J9Ub9AqITGkJD6ZginxQ==",
        "dependencies": {}
      },
      "@img/sharp-win32-x64@0.33.3": {
        "integrity": "sha512-viT4fUIDKnli3IfOephGnolMzhz5VaTvDRkYqtZxOMIoMQ4MrAziO7pT1nVnOt2FAm7qW5aa+CCc13aEY6Le0g==",
        "dependencies": {}
      },
      "@noble/ciphers@0.5.2": {
        "integrity": "sha512-GADtQmZCdgbnNp+daPLc3OY3ibEtGGDV/+CzeM3MFnhiQ7ELQKlsHWYq0YbYUXx4jU3/Y1erAxU6r+hwpewqmQ==",
        "dependencies": {}
      },
      "@noble/curves@1.1.0": {
        "integrity": "sha512-091oBExgENk/kGj3AZmtBDMpxQPDtxQABR2B9lb1JbVTs6ytdzZNwvhxQ4MWasRNEzlbEH8jCWFCwhF/Obj5AA==",
        "dependencies": {
          "@noble/hashes": "@noble/hashes@1.3.1"
        }
      },
      "@noble/curves@1.2.0": {
        "integrity": "sha512-oYclrNgRaM9SsBUBVbb8M6DTV7ZHRTKugureoYEncY5c65HOmRzvSiTE3y5CYaPYJA/GVkrhXEoF0M3Ya9PMnw==",
        "dependencies": {
          "@noble/hashes": "@noble/hashes@1.3.2"
        }
      },
      "@noble/curves@1.4.0": {
        "integrity": "sha512-p+4cb332SFCrReJkCYe8Xzm0OWi4Jji5jVdIZRL/PmacmDkFNw6MrrV+gGpiPxLHbV+zKFRywUWbaseT+tZRXg==",
        "dependencies": {
          "@noble/hashes": "@noble/hashes@1.4.0"
        }
      },
      "@noble/hashes@1.3.1": {
        "integrity": "sha512-EbqwksQwz9xDRGfDST86whPBgM65E0OH/pCgqW0GBVzO22bNE+NuIbeTb714+IfSjU3aRk47EUvXIb5bTsenKA==",
        "dependencies": {}
      },
      "@noble/hashes@1.3.2": {
        "integrity": "sha512-MVC8EAQp7MvEcm30KWENFjgR+Mkmf+D189XJTkFIlwohU5hcBbn1ZkKq7KVTi2Hme3PMGF390DaL52beVrIihQ==",
        "dependencies": {}
      },
      "@noble/hashes@1.4.0": {
        "integrity": "sha512-V1JJ1WTRUqHHrOSh597hURcMqVKVGL/ea3kv0gSnEdsEZ0/+VyPghM1lMNGc00z7CIQorSvbKpuJkxvuHbvdbg==",
        "dependencies": {}
      },
      "@scure/base@1.1.1": {
        "integrity": "sha512-ZxOhsSyxYwLJj3pLZCefNitxsj093tb2vq90mp2txoYeBqbcjDjqFhyM8eUjq/uFm6zJ+mUuqxlS2FkuSY1MTA==",
        "dependencies": {}
      },
      "@scure/bip32@1.3.1": {
        "integrity": "sha512-osvveYtyzdEVbt3OfwwXFr4P2iVBL5u1Q3q4ONBfDY/UpOuXmOlbgwc1xECEboY8wIays8Yt6onaWMUdUbfl0A==",
        "dependencies": {
          "@noble/curves": "@noble/curves@1.1.0",
          "@noble/hashes": "@noble/hashes@1.3.2",
          "@scure/base": "@scure/base@1.1.1"
        }
      },
      "@scure/bip39@1.2.1": {
        "integrity": "sha512-Z3/Fsz1yr904dduJD0NpiyRHhRYHdcnyh73FZWiV+/qhWi83wNJ3NWolYqCEN+ZWsUz2TWwajJggcRE9r1zUYg==",
        "dependencies": {
          "@noble/hashes": "@noble/hashes@1.3.2",
          "@scure/base": "@scure/base@1.1.1"
        }
      },
      "color-convert@2.0.1": {
        "integrity": "sha512-RRECPsj7iu/xb5oKYcsFHSppFNnsj/52OVTRKb4zP5onXwVF3zVmmToNcOfGC+CRDpfK/U584fMg38ZHCaElKQ==",
        "dependencies": {
          "color-name": "color-name@1.1.4"
        }
      },
      "color-name@1.1.4": {
        "integrity": "sha512-dOy+3AuW3a2wNbZHIuMZpTcgjGuLU/uBL/ubcZF9OXbDo8ff4O8yVp5Bf0efS8uEoYo5q4Fx7dY9OgQGXgAsQA==",
        "dependencies": {}
      },
      "color-string@1.9.1": {
        "integrity": "sha512-shrVawQFojnZv6xM40anx4CkoDP+fZsw/ZerEMsW/pyzsRbElpsL/DBVW7q3ExxwusdNXI3lXpuhEZkzs8p5Eg==",
        "dependencies": {
          "color-name": "color-name@1.1.4",
          "simple-swizzle": "simple-swizzle@0.2.2"
        }
      },
      "color@4.2.3": {
        "integrity": "sha512-1rXeuUUiGGrykh+CeBdu5Ie7OJwinCgQY0bc7GCRxy5xVHy+moaqkpL/jqQq0MtQOeYcrqEz4abc5f0KtU7W4A==",
        "dependencies": {
          "color-convert": "color-convert@2.0.1",
          "color-string": "color-string@1.9.1"
        }
      },
      "detect-libc@2.0.3": {
        "integrity": "sha512-bwy0MGW55bG41VqxxypOsdSdGqLwXPI/focwgTYCFMbdUiBAxLg9CFzG08sz2aqzknwiX7Hkl0bQENjg8iLByw==",
        "dependencies": {}
      },
      "esbuild@0.20.2": {
        "integrity": "sha512-WdOOppmUNU+IbZ0PaDiTst80zjnrOkyJNHoKupIcVyU8Lvla3Ugx94VzkQ32Ijqd7UhHJy75gNWDMUekcrSJ6g==",
        "dependencies": {
          "@esbuild/aix-ppc64": "@esbuild/aix-ppc64@0.20.2",
          "@esbuild/android-arm": "@esbuild/android-arm@0.20.2",
          "@esbuild/android-arm64": "@esbuild/android-arm64@0.20.2",
          "@esbuild/android-x64": "@esbuild/android-x64@0.20.2",
          "@esbuild/darwin-arm64": "@esbuild/darwin-arm64@0.20.2",
          "@esbuild/darwin-x64": "@esbuild/darwin-x64@0.20.2",
          "@esbuild/freebsd-arm64": "@esbuild/freebsd-arm64@0.20.2",
          "@esbuild/freebsd-x64": "@esbuild/freebsd-x64@0.20.2",
          "@esbuild/linux-arm": "@esbuild/linux-arm@0.20.2",
          "@esbuild/linux-arm64": "@esbuild/linux-arm64@0.20.2",
          "@esbuild/linux-ia32": "@esbuild/linux-ia32@0.20.2",
          "@esbuild/linux-loong64": "@esbuild/linux-loong64@0.20.2",
          "@esbuild/linux-mips64el": "@esbuild/linux-mips64el@0.20.2",
          "@esbuild/linux-ppc64": "@esbuild/linux-ppc64@0.20.2",
          "@esbuild/linux-riscv64": "@esbuild/linux-riscv64@0.20.2",
          "@esbuild/linux-s390x": "@esbuild/linux-s390x@0.20.2",
          "@esbuild/linux-x64": "@esbuild/linux-x64@0.20.2",
          "@esbuild/netbsd-x64": "@esbuild/netbsd-x64@0.20.2",
          "@esbuild/openbsd-x64": "@esbuild/openbsd-x64@0.20.2",
          "@esbuild/sunos-x64": "@esbuild/sunos-x64@0.20.2",
          "@esbuild/win32-arm64": "@esbuild/win32-arm64@0.20.2",
          "@esbuild/win32-ia32": "@esbuild/win32-ia32@0.20.2",
          "@esbuild/win32-x64": "@esbuild/win32-x64@0.20.2"
        }
      },
      "is-arrayish@0.3.2": {
        "integrity": "sha512-eVRqCvVlZbuw3GrM63ovNSNAeA1K16kaR/LRY/92w0zxQ5/1YzwblUX652i4Xs9RwAGjW9d9y6X88t8OaAJfWQ==",
        "dependencies": {}
      },
      "lru-cache@6.0.0": {
        "integrity": "sha512-Jo6dJ04CmSjuznwJSS3pUeWmd/H0ffTlkXXgwZi+eq1UCmqQwCh+eLsYOYCwY991i2Fah4h1BEMCx4qThGbsiA==",
        "dependencies": {
          "yallist": "yallist@4.0.0"
        }
      },
      "mini-van-plate@0.5.6": {
        "integrity": "sha512-gAJPXBihI8EFTutUc7oj9tmnOJKgLme5SQNAwj3gN0VU95Nzptiwo1oZy5SJRBwl5ZH7KmjQ6tsqxGHfSgdcoQ==",
        "dependencies": {}
      },
      "nostr-tools@2.3.2": {
        "integrity": "sha512-8ceZ2ItkAGjR5b9+QOkkV9KWBOK0WPlpFrPPXmbWnNMcnlj9zB7rjdYPK2sV/OK4Ty9J3xL6+bvYKY77gup5EQ==",
        "dependencies": {
          "@noble/ciphers": "@noble/ciphers@0.5.2",
          "@noble/curves": "@noble/curves@1.2.0",
          "@noble/hashes": "@noble/hashes@1.3.1",
          "@scure/base": "@scure/base@1.1.1",
          "@scure/bip32": "@scure/bip32@1.3.1",
          "@scure/bip39": "@scure/bip39@1.2.1",
          "nostr-wasm": "nostr-wasm@0.1.0"
        }
      },
      "nostr-wasm@0.1.0": {
        "integrity": "sha512-78BTryCLcLYv96ONU8Ws3Q1JzjlAt+43pWQhIl86xZmWeegYCNLPml7yQ+gG3vR6V5h4XGj+TxO+SS5dsThQIA==",
        "dependencies": {}
      },
      "semver@7.6.0": {
        "integrity": "sha512-EnwXhrlwXMk9gKu5/flx5sv/an57AkRplG3hTK68W7FRDN+k+OWBj65M7719OkA82XLBxrcX0KSHj+X5COhOVg==",
        "dependencies": {
          "lru-cache": "lru-cache@6.0.0"
        }
      },
      "sharp@0.33.3": {
        "integrity": "sha512-vHUeXJU1UvlO/BNwTpT0x/r53WkLUVxrmb5JTgW92fdFCFk0ispLMAeu/jPO2vjkXM1fYUi3K7/qcLF47pwM1A==",
        "dependencies": {
          "@img/sharp-darwin-arm64": "@img/sharp-darwin-arm64@0.33.3",
          "@img/sharp-darwin-x64": "@img/sharp-darwin-x64@0.33.3",
          "@img/sharp-libvips-darwin-arm64": "@img/sharp-libvips-darwin-arm64@1.0.2",
          "@img/sharp-libvips-darwin-x64": "@img/sharp-libvips-darwin-x64@1.0.2",
          "@img/sharp-libvips-linux-arm": "@img/sharp-libvips-linux-arm@1.0.2",
          "@img/sharp-libvips-linux-arm64": "@img/sharp-libvips-linux-arm64@1.0.2",
          "@img/sharp-libvips-linux-s390x": "@img/sharp-libvips-linux-s390x@1.0.2",
          "@img/sharp-libvips-linux-x64": "@img/sharp-libvips-linux-x64@1.0.2",
          "@img/sharp-libvips-linuxmusl-arm64": "@img/sharp-libvips-linuxmusl-arm64@1.0.2",
          "@img/sharp-libvips-linuxmusl-x64": "@img/sharp-libvips-linuxmusl-x64@1.0.2",
          "@img/sharp-linux-arm": "@img/sharp-linux-arm@0.33.3",
          "@img/sharp-linux-arm64": "@img/sharp-linux-arm64@0.33.3",
          "@img/sharp-linux-s390x": "@img/sharp-linux-s390x@0.33.3",
          "@img/sharp-linux-x64": "@img/sharp-linux-x64@0.33.3",
          "@img/sharp-linuxmusl-arm64": "@img/sharp-linuxmusl-arm64@0.33.3",
          "@img/sharp-linuxmusl-x64": "@img/sharp-linuxmusl-x64@0.33.3",
          "@img/sharp-wasm32": "@img/sharp-wasm32@0.33.3",
          "@img/sharp-win32-ia32": "@img/sharp-win32-ia32@0.33.3",
          "@img/sharp-win32-x64": "@img/sharp-win32-x64@0.33.3",
          "color": "color@4.2.3",
          "detect-libc": "detect-libc@2.0.3",
          "semver": "semver@7.6.0"
        }
      },
      "simple-swizzle@0.2.2": {
        "integrity": "sha512-JA//kQgZtbuY83m+xT+tXJkmJncGMTFT+C+g2h2R9uxkYIrE2yy9sgmcLhCnw57/WSD+Eh3J97FPEDFnbXnDUg==",
        "dependencies": {
          "is-arrayish": "is-arrayish@0.3.2"
        }
      },
      "ts-toolbelt@9.6.0": {
        "integrity": "sha512-nsZd8ZeNUzukXPlJmTBwUAuABDe/9qtVDelJeT/qW0ow3ZS3BsQJtNkan1802aM9Uf68/Y8ljw86Hu0h5IUW3w==",
        "dependencies": {}
      },
      "tslib@2.6.2": {
        "integrity": "sha512-AEYxH93jGFPn/a2iVAwW87VuUIkR1FVUKB77NwMF7nBTDkDrrT/Hpt/IrCJ0QXhW27jTBDcf5ZY7w6RiqTMw2Q==",
        "dependencies": {}
      },
      "yallist@4.0.0": {
        "integrity": "sha512-3wdGidZyq5PB084XLES5TpOSRA3wjXAlIWMhum2kRcv/41Sn2emQ0dycQW4uZXLejwKvg6EsvbdlVL+FYEct7A==",
        "dependencies": {}
      }
    }
  },
  "remote": {},
  "workspace": {
    "dependencies": [
      "jsr:@core/match@^0.3.0",
      "jsr:@std/assert@^0.221.0",
      "jsr:@std/cli@^0.221.0",
      "jsr:@std/collections@^0.221.0",
      "jsr:@std/path@^0.221.0",
      "jsr:@std/streams@^0.221.0",
      "jsr:@std/testing@^0.221.0",
      "npm:@noble/curves@^1.3.0",
      "npm:@noble/hashes@^1.3.3",
      "npm:esbuild@^0.20.2",
      "npm:mini-van-plate@^0.5.6",
      "npm:nostr-tools@^2.3.2",
      "npm:sharp@^0.33.3",
      "npm:vanjs-core@^1.5.0"
    ],
    "members": {
      "@lophus/app": {
        "dependencies": [
          "jsr:@lophus/nips@0.0.14",
          "jsr:@lophus/std@0.0.14",
          "jsr:@std/cli@^0.221.0",
          "jsr:@std/collections@^0.221.0",
          "jsr:@std/path@^0.221.0",
          "jsr:@std/streams@^0.221.0",
          "npm:esbuild@^0.20.2",
          "npm:mini-van-plate@^0.5.6",
          "npm:sharp@^0.33.3"
        ]
      },
      "@lophus/core": {
        "dependencies": [
          "jsr:@lophus/lib@0.0.14"
        ]
      },
      "@lophus/lib": {},
      "@lophus/nips": {
        "dependencies": [
          "jsr:@lophus/core@0.0.14",
          "jsr:@lophus/lib@0.0.14"
        ]
      },
      "@lophus/std": {
        "dependencies": [
          "jsr:@lophus/core@0.0.14",
          "jsr:@lophus/lib@0.0.14",
          "jsr:@std/streams@^0.219.1"
        ]
      }
    }
  }
}
